
Microsoft Visual Studio Solution File, Format Version 12.00
# Visual Studio Version 17
VisualStudioVersion = 17.0.31611.283
MinimumVisualStudioVersion = 10.0.40219.1
Project("{CBB94168-7DD5-4CCA-BF8A-282B7F7A16AA}") = "FarFiles", "FarFiles\FarFiles.csproj", "{C60F2B1C-790E-4432-A719-52182A333ADE}"
EndProject
Global
	GlobalSection(SolutionConfigurationPlatforms) = preSolution
		Debug|Any CPU = Debug|Any CPU
		Release|Any CPU = Release|Any CPU
	EndGlobalSection
	GlobalSection(ProjectConfigurationPlatforms) = postSolution
		{C60F2B1C-790E-4432-A719-52182A333ADE}.Debug|Any CPU.ActiveCfg = Debug|Any CPU
		{C60F2B1C-790E-4432-A719-52182A333ADE}.Debug|Any CPU.Build.0 = Debug|Any CPU
		{C60F2B1C-790E-4432-A719-52182A333ADE}.Debug|Any CPU.Deploy.0 = Debug|Any CPU
		{C60F2B1C-790E-4432-A719-52182A333ADE}.Release|Any CPU.ActiveCfg = Release|Any CPU
		{C60F2B1C-790E-4432-A719-52182A333ADE}.Release|Any CPU.Build.0 = Release|Any CPU
		{C60F2B1C-790E-4432-A719-52182A333ADE}.Release|Any CPU.Deploy.0 = Release|Any CPU
	EndGlobalSection
	GlobalSection(SolutionProperties) = preSolution
		HideSolutionNode = FALSE
	EndGlobalSection
	GlobalSection(ExtensibilityGlobals) = postSolution
		SolutionGuid = {322BFAEF-CA46-4988-9A7C-A7B1E217FCBA}
	EndGlobalSection
EndGlobal
